# THIS IS AN AUTOGENERATED FILE. DO NOT EDIT THIS FILE DIRECTLY.
# yarn lockfile v1


"@types/node@^18.7.23":
  version "18.7.23"
  resolved "https://registry.yarnpkg.com/@types/node/-/node-18.7.23.tgz#75c580983846181ebe5f4abc40fe9dfb2d65665f"
  integrity sha512-DWNcCHolDq0ZKGizjx2DZjR/PqsYwAcYUJmfMWqtVU2MBMG5Mo+xFZrhGId5r/O5HOuMPyQEcM6KUBp5lBZZBg==

"@types/vscode@^1.71.0":
  version "1.71.0"
  resolved "https://registry.yarnpkg.com/@types/vscode/-/vscode-1.71.0.tgz#a8d9bb7aca49b0455060e6eb978711b510bdd2e2"
  integrity sha512-nB50bBC9H/x2CpwW9FzRRRDrTZ7G0/POttJojvN/LiVfzTGfLyQIje1L1QRMdFXK9G41k5UJN/1B9S4of7CSzA==

lzma@^2.3.2:
  version "2.3.2"
  resolved "https://registry.yarnpkg.com/lzma/-/lzma-2.3.2.tgz#3783b24858b9c0e747a0df3cbf1fb5fcaa92c441"
  integrity sha512-DcfiawQ1avYbW+hsILhF38IKAlnguc/fjHrychs9hdxe4qLykvhT5VTGNs5YRWgaNePh7NTxGD4uv4gKsRomCQ==

messagepack@^1.1.12:
  version "1.1.12"
  resolved "https://registry.yarnpkg.com/messagepack/-/messagepack-1.1.12.tgz#64284d4c8f325582a8b0dafbdb2e550f01d9dcf6"
  integrity sha512-pNB6K4q4VMLRXdvlGZkTtQhmKFntvLisnOQnL0VhKpZooL8B8Wsv5TXuidIJil0bCH6V172p3+Onfyow0usPYQ==

typescript@^4.8.2:
  version "4.8.2"
  resolved "https://registry.yarnpkg.com/typescript/-/typescript-4.8.2.tgz#e3b33d5ccfb5914e4eeab6699cf208adee3fd790"
  integrity sha512-C0I1UsrrDHo2fYI5oaCGbSejwX4ch+9Y5jTQELvovfmFkK3HHSZJB8MSJcWLmCUBzQBchCrZ9rMRV6GuNrvGtw==
