{
	"name": "webview",
	"lockfileVersion": 3,
	"requires": true,
	"packages": {
		"": {
			"license": "MIT",
			"dependencies": {
				"monaco-editor": "^0.45.0-dev-20231205"
			}
		},
		"node_modules/monaco-editor": {
			"version": "0.45.0-dev-20231205",
			"resolved": "https://registry.npmjs.org/monaco-editor/-/monaco-editor-0.45.0-dev-20231205.tgz",
			"integrity": "sha512-wUaTmW/lBTqT+kvvV+HomNMimJsGxqrQSxYN/EqShwv+pT+h0OPdFTI6FOMctzSNfTuQofst+cn1OoXGdmc4+g==",
			"license": "MIT"
		}
	}
}
