# THIS IS AN AUTOGENERATED FILE. DO NOT EDIT THIS FILE DIRECTLY.
# yarn lockfile v1


monaco-editor@^0.45.0-dev-20231205:
  version "0.45.0-dev-20231205"
  resolved "https://registry.yarnpkg.com/monaco-editor/-/monaco-editor-0.45.0-dev-20231205.tgz#032f726e5327c4f701c98054c738045523626bfb"
  integrity sha512-wUaTmW/lBTqT+kvvV+HomNMimJsGxqrQSxYN/EqShwv+pT+h0OPdFTI6FOMctzSNfTuQofst+cn1OoXGdmc4+g==
